
Microsoft Visual Studio Solution File, Format Version 12.00
# Visual Studio 15
VisualStudioVersion = 15.0.26206.0
MinimumVisualStudioVersion = 10.0.40219.1
Project("{9A19103F-16F7-4668-BE54-9A1E7A4F7556}") = "FubarDev.WebDavServer.FileSystem.DotNet", "src\FubarDev.WebDavServer.FileSystem.DotNet\FubarDev.WebDavServer.FileSystem.DotNet.csproj", "{15B13CE5-3B75-455F-ABDC-6387FDF8A823}"
EndProject
Project("{9A19103F-16F7-4668-BE54-9A1E7A4F7556}") = "FubarDev.WebDavServer.AspNetCore", "src\FubarDev.WebDavServer.AspNetCore\FubarDev.WebDavServer.AspNetCore.csproj", "{B2A011C5-841A-4BB7-BE47-042651B02F7F}"
EndProject
Project("{9A19103F-16F7-4668-BE54-9A1E7A4F7556}") = "FubarDev.WebDavServer", "src\FubarDev.WebDavServer\FubarDev.WebDavServer.csproj", "{EF4CE1C7-D7DC-48EE-B5C3-051078D3F28D}"
EndProject
Project("{9A19103F-16F7-4668-BE54-9A1E7A4F7556}") = "FubarDev.WebDavServer.Sample.AspNetCore", "sample\FubarDev.WebDavServer.Sample.AspNetCore\FubarDev.WebDavServer.Sample.AspNetCore.csproj", "{28AD150F-3644-4372-8D57-5AC92A95DAD0}"
EndProject
Project("{9A19103F-16F7-4668-BE54-9A1E7A4F7556}") = "FubarDev.WebDavServer.Props.Store.TextFile", "src\FubarDev.WebDavServer.Props.Store.TextFile\FubarDev.WebDavServer.Props.Store.TextFile.csproj", "{D2E3C2D1-8E3A-4426-AB8E-052C6E425C53}"
EndProject
Project("{FAE04EC0-301F-11D3-BF4B-00C04F79EFBC}") = "FubarDev.WebDavServer.FileSystem.InMemory", "src\FubarDev.WebDavServer.FileSystem.InMemory\FubarDev.WebDavServer.FileSystem.InMemory.csproj", "{A55D609A-1ABB-4CA3-84F6-6BBBC77E6572}"
EndProject
Project("{FAE04EC0-301F-11D3-BF4B-00C04F79EFBC}") = "FubarDev.WebDavServer.Tests", "test\FubarDev.WebDavServer.Tests\FubarDev.WebDavServer.Tests.csproj", "{86F9218F-7254-4F75-8E4D-DF3F4A265DF1}"
EndProject
Project("{FAE04EC0-301F-11D3-BF4B-00C04F79EFBC}") = "FubarDev.WebDavServer.Props.Store.InMemory", "src\FubarDev.WebDavServer.Props.Store.InMemory\FubarDev.WebDavServer.Props.Store.InMemory.csproj", "{45B560CF-76B5-4AD9-A22F-66EA6B09C5FE}"
EndProject
Project("{FAE04EC0-301F-11D3-BF4B-00C04F79EFBC}") = "FubarDev.WebDavServer.Locking.InMemory", "src\FubarDev.WebDavServer.Locking.InMemory\FubarDev.WebDavServer.Locking.InMemory.csproj", "{3AE417F3-6F3A-4255-B521-5CE4E47F4F52}"
EndProject
Project("{2150E333-8FDC-42A3-9474-1A3956D46DE8}") = "src", "src", "{581960B3-7392-4BB5-AD95-D106F89604A1}"
EndProject
Project("{2150E333-8FDC-42A3-9474-1A3956D46DE8}") = "test", "test", "{8B4D538F-B715-4ED4-A562-716A4AC8A631}"
EndProject
Project("{2150E333-8FDC-42A3-9474-1A3956D46DE8}") = "sample", "sample", "{48040D3B-35E8-45CE-A3E8-E3971F98C892}"
EndProject
Project("{2150E333-8FDC-42A3-9474-1A3956D46DE8}") = "host", "host", "{5FA6C5DF-7C58-4459-84B4-0317C6FEC60C}"
EndProject
Project("{2150E333-8FDC-42A3-9474-1A3956D46DE8}") = "third-party", "third-party", "{0AC3DDDF-D5C3-4876-A1D5-EE5C5206AC46}"
EndProject
Project("{9A19103F-16F7-4668-BE54-9A1E7A4F7556}") = "DecaTec.WebDav", "third-party\DecaTec.WebDav\DecaTec.WebDav.csproj", "{7ADD6055-9EE2-44E5-9FEB-AA3A07EF4A8B}"
EndProject
Project("{2150E333-8FDC-42A3-9474-1A3956D46DE8}") = "src-doc", "src-doc", "{5374846F-A7A5-457B-8231-FC1F959523B6}"
EndProject
Project("{D954291E-2A0B-460D-934E-DC6B0785DB48}") = "FubarDev.WebDavServer", "src\FubarDev.WebDavServer\FubarDev.WebDavServer.shproj", "{373E3CAA-169B-477D-BA8E-6C33395CE8E8}"
EndProject
Project("{FAE04EC0-301F-11D3-BF4B-00C04F79EFBC}") = "FubarDev.WebDavServer.Doc", "src-doc\FubarDev.WebDavServer\FubarDev.WebDavServer.Doc.csproj", "{D1C72F41-22CC-4D68-9AA6-9D852D28551F}"
EndProject
Project("{D954291E-2A0B-460D-934E-DC6B0785DB48}") = "FubarDev.WebDavServer.AspNetCore", "src\FubarDev.WebDavServer.AspNetCore\FubarDev.WebDavServer.AspNetCore.shproj", "{0D853AF3-DD6E-4BA7-B4B9-7A6D26873352}"
EndProject
Project("{FAE04EC0-301F-11D3-BF4B-00C04F79EFBC}") = "FubarDev.WebDavServer.AspNetCore.Doc", "src-doc\FubarDev.WebDavServer.AspNetCore\FubarDev.WebDavServer.AspNetCore.Doc.csproj", "{02E04B3E-170F-471A-9674-FCBD13F824DE}"
EndProject
Global
	GlobalSection(SharedMSBuildProjectFiles) = preSolution
		src\FubarDev.WebDavServer.AspNetCore\FubarDev.WebDavServer.AspNetCore.projitems*{02e04b3e-170f-471a-9674-fcbd13f824de}*SharedItemsImports = 4
		src\FubarDev.WebDavServer.AspNetCore\FubarDev.WebDavServer.AspNetCore.projitems*{0d853af3-dd6e-4ba7-b4b9-7a6d26873352}*SharedItemsImports = 13
		src\FubarDev.WebDavServer\FubarDev.WebDavServer.projitems*{373e3caa-169b-477d-ba8e-6c33395ce8e8}*SharedItemsImports = 13
		src\FubarDev.WebDavServer\FubarDev.WebDavServer.projitems*{d1c72f41-22cc-4d68-9aa6-9d852d28551f}*SharedItemsImports = 4
	EndGlobalSection
	GlobalSection(SolutionConfigurationPlatforms) = preSolution
		Debug|Any CPU = Debug|Any CPU
		Debug|x64 = Debug|x64
		Debug|x86 = Debug|x86
		Release|Any CPU = Release|Any CPU
		Release|x64 = Release|x64
		Release|x86 = Release|x86
	EndGlobalSection
	GlobalSection(ProjectConfigurationPlatforms) = postSolution
		{15B13CE5-3B75-455F-ABDC-6387FDF8A823}.Debug|Any CPU.ActiveCfg = Debug|Any CPU
		{15B13CE5-3B75-455F-ABDC-6387FDF8A823}.Debug|Any CPU.Build.0 = Debug|Any CPU
		{15B13CE5-3B75-455F-ABDC-6387FDF8A823}.Debug|x64.ActiveCfg = Debug|x64
		{15B13CE5-3B75-455F-ABDC-6387FDF8A823}.Debug|x64.Build.0 = Debug|x64
		{15B13CE5-3B75-455F-ABDC-6387FDF8A823}.Debug|x86.ActiveCfg = Debug|x86
		{15B13CE5-3B75-455F-ABDC-6387FDF8A823}.Debug|x86.Build.0 = Debug|x86
		{15B13CE5-3B75-455F-ABDC-6387FDF8A823}.Release|Any CPU.ActiveCfg = Release|Any CPU
		{15B13CE5-3B75-455F-ABDC-6387FDF8A823}.Release|Any CPU.Build.0 = Release|Any CPU
		{15B13CE5-3B75-455F-ABDC-6387FDF8A823}.Release|x64.ActiveCfg = Release|x64
		{15B13CE5-3B75-455F-ABDC-6387FDF8A823}.Release|x64.Build.0 = Release|x64
		{15B13CE5-3B75-455F-ABDC-6387FDF8A823}.Release|x86.ActiveCfg = Release|x86
		{15B13CE5-3B75-455F-ABDC-6387FDF8A823}.Release|x86.Build.0 = Release|x86
		{B2A011C5-841A-4BB7-BE47-042651B02F7F}.Debug|Any CPU.ActiveCfg = Debug|Any CPU
		{B2A011C5-841A-4BB7-BE47-042651B02F7F}.Debug|Any CPU.Build.0 = Debug|Any CPU
		{B2A011C5-841A-4BB7-BE47-042651B02F7F}.Debug|x64.ActiveCfg = Debug|x64
		{B2A011C5-841A-4BB7-BE47-042651B02F7F}.Debug|x64.Build.0 = Debug|x64
		{B2A011C5-841A-4BB7-BE47-042651B02F7F}.Debug|x86.ActiveCfg = Debug|x86
		{B2A011C5-841A-4BB7-BE47-042651B02F7F}.Debug|x86.Build.0 = Debug|x86
		{B2A011C5-841A-4BB7-BE47-042651B02F7F}.Release|Any CPU.ActiveCfg = Release|Any CPU
		{B2A011C5-841A-4BB7-BE47-042651B02F7F}.Release|Any CPU.Build.0 = Release|Any CPU
		{B2A011C5-841A-4BB7-BE47-042651B02F7F}.Release|x64.ActiveCfg = Release|x64
		{B2A011C5-841A-4BB7-BE47-042651B02F7F}.Release|x64.Build.0 = Release|x64
		{B2A011C5-841A-4BB7-BE47-042651B02F7F}.Release|x86.ActiveCfg = Release|x86
		{B2A011C5-841A-4BB7-BE47-042651B02F7F}.Release|x86.Build.0 = Release|x86
		{EF4CE1C7-D7DC-48EE-B5C3-051078D3F28D}.Debug|Any CPU.ActiveCfg = Debug|Any CPU
		{EF4CE1C7-D7DC-48EE-B5C3-051078D3F28D}.Debug|Any CPU.Build.0 = Debug|Any CPU
		{EF4CE1C7-D7DC-48EE-B5C3-051078D3F28D}.Debug|x64.ActiveCfg = Debug|x64
		{EF4CE1C7-D7DC-48EE-B5C3-051078D3F28D}.Debug|x64.Build.0 = Debug|x64
		{EF4CE1C7-D7DC-48EE-B5C3-051078D3F28D}.Debug|x86.ActiveCfg = Debug|x86
		{EF4CE1C7-D7DC-48EE-B5C3-051078D3F28D}.Debug|x86.Build.0 = Debug|x86
		{EF4CE1C7-D7DC-48EE-B5C3-051078D3F28D}.Release|Any CPU.ActiveCfg = Release|Any CPU
		{EF4CE1C7-D7DC-48EE-B5C3-051078D3F28D}.Release|Any CPU.Build.0 = Release|Any CPU
		{EF4CE1C7-D7DC-48EE-B5C3-051078D3F28D}.Release|x64.ActiveCfg = Release|x64
		{EF4CE1C7-D7DC-48EE-B5C3-051078D3F28D}.Release|x64.Build.0 = Release|x64
		{EF4CE1C7-D7DC-48EE-B5C3-051078D3F28D}.Release|x86.ActiveCfg = Release|x86
		{EF4CE1C7-D7DC-48EE-B5C3-051078D3F28D}.Release|x86.Build.0 = Release|x86
		{28AD150F-3644-4372-8D57-5AC92A95DAD0}.Debug|Any CPU.ActiveCfg = Debug|Any CPU
		{28AD150F-3644-4372-8D57-5AC92A95DAD0}.Debug|Any CPU.Build.0 = Debug|Any CPU
		{28AD150F-3644-4372-8D57-5AC92A95DAD0}.Debug|x64.ActiveCfg = Debug|x64
		{28AD150F-3644-4372-8D57-5AC92A95DAD0}.Debug|x64.Build.0 = Debug|x64
		{28AD150F-3644-4372-8D57-5AC92A95DAD0}.Debug|x86.ActiveCfg = Debug|x86
		{28AD150F-3644-4372-8D57-5AC92A95DAD0}.Debug|x86.Build.0 = Debug|x86
		{28AD150F-3644-4372-8D57-5AC92A95DAD0}.Release|Any CPU.ActiveCfg = Release|Any CPU
		{28AD150F-3644-4372-8D57-5AC92A95DAD0}.Release|Any CPU.Build.0 = Release|Any CPU
		{28AD150F-3644-4372-8D57-5AC92A95DAD0}.Release|x64.ActiveCfg = Release|x64
		{28AD150F-3644-4372-8D57-5AC92A95DAD0}.Release|x64.Build.0 = Release|x64
		{28AD150F-3644-4372-8D57-5AC92A95DAD0}.Release|x86.ActiveCfg = Release|x86
		{28AD150F-3644-4372-8D57-5AC92A95DAD0}.Release|x86.Build.0 = Release|x86
		{D2E3C2D1-8E3A-4426-AB8E-052C6E425C53}.Debug|Any CPU.ActiveCfg = Debug|Any CPU
		{D2E3C2D1-8E3A-4426-AB8E-052C6E425C53}.Debug|Any CPU.Build.0 = Debug|Any CPU
		{D2E3C2D1-8E3A-4426-AB8E-052C6E425C53}.Debug|x64.ActiveCfg = Debug|x64
		{D2E3C2D1-8E3A-4426-AB8E-052C6E425C53}.Debug|x64.Build.0 = Debug|x64
		{D2E3C2D1-8E3A-4426-AB8E-052C6E425C53}.Debug|x86.ActiveCfg = Debug|x86
		{D2E3C2D1-8E3A-4426-AB8E-052C6E425C53}.Debug|x86.Build.0 = Debug|x86
		{D2E3C2D1-8E3A-4426-AB8E-052C6E425C53}.Release|Any CPU.ActiveCfg = Release|Any CPU
		{D2E3C2D1-8E3A-4426-AB8E-052C6E425C53}.Release|Any CPU.Build.0 = Release|Any CPU
		{D2E3C2D1-8E3A-4426-AB8E-052C6E425C53}.Release|x64.ActiveCfg = Release|x64
		{D2E3C2D1-8E3A-4426-AB8E-052C6E425C53}.Release|x64.Build.0 = Release|x64
		{D2E3C2D1-8E3A-4426-AB8E-052C6E425C53}.Release|x86.ActiveCfg = Release|x86
		{D2E3C2D1-8E3A-4426-AB8E-052C6E425C53}.Release|x86.Build.0 = Release|x86
		{A55D609A-1ABB-4CA3-84F6-6BBBC77E6572}.Debug|Any CPU.ActiveCfg = Debug|Any CPU
		{A55D609A-1ABB-4CA3-84F6-6BBBC77E6572}.Debug|Any CPU.Build.0 = Debug|Any CPU
		{A55D609A-1ABB-4CA3-84F6-6BBBC77E6572}.Debug|x64.ActiveCfg = Debug|x64
		{A55D609A-1ABB-4CA3-84F6-6BBBC77E6572}.Debug|x64.Build.0 = Debug|x64
		{A55D609A-1ABB-4CA3-84F6-6BBBC77E6572}.Debug|x86.ActiveCfg = Debug|x86
		{A55D609A-1ABB-4CA3-84F6-6BBBC77E6572}.Debug|x86.Build.0 = Debug|x86
		{A55D609A-1ABB-4CA3-84F6-6BBBC77E6572}.Release|Any CPU.ActiveCfg = Release|Any CPU
		{A55D609A-1ABB-4CA3-84F6-6BBBC77E6572}.Release|Any CPU.Build.0 = Release|Any CPU
		{A55D609A-1ABB-4CA3-84F6-6BBBC77E6572}.Release|x64.ActiveCfg = Release|x64
		{A55D609A-1ABB-4CA3-84F6-6BBBC77E6572}.Release|x64.Build.0 = Release|x64
		{A55D609A-1ABB-4CA3-84F6-6BBBC77E6572}.Release|x86.ActiveCfg = Release|x86
		{A55D609A-1ABB-4CA3-84F6-6BBBC77E6572}.Release|x86.Build.0 = Release|x86
		{86F9218F-7254-4F75-8E4D-DF3F4A265DF1}.Debug|Any CPU.ActiveCfg = Debug|Any CPU
		{86F9218F-7254-4F75-8E4D-DF3F4A265DF1}.Debug|Any CPU.Build.0 = Debug|Any CPU
		{86F9218F-7254-4F75-8E4D-DF3F4A265DF1}.Debug|x64.ActiveCfg = Debug|x64
		{86F9218F-7254-4F75-8E4D-DF3F4A265DF1}.Debug|x64.Build.0 = Debug|x64
		{86F9218F-7254-4F75-8E4D-DF3F4A265DF1}.Debug|x86.ActiveCfg = Debug|x86
		{86F9218F-7254-4F75-8E4D-DF3F4A265DF1}.Debug|x86.Build.0 = Debug|x86
		{86F9218F-7254-4F75-8E4D-DF3F4A265DF1}.Release|Any CPU.ActiveCfg = Release|Any CPU
		{86F9218F-7254-4F75-8E4D-DF3F4A265DF1}.Release|Any CPU.Build.0 = Release|Any CPU
		{86F9218F-7254-4F75-8E4D-DF3F4A265DF1}.Release|x64.ActiveCfg = Release|x64
		{86F9218F-7254-4F75-8E4D-DF3F4A265DF1}.Release|x64.Build.0 = Release|x64
		{86F9218F-7254-4F75-8E4D-DF3F4A265DF1}.Release|x86.ActiveCfg = Release|x86
		{86F9218F-7254-4F75-8E4D-DF3F4A265DF1}.Release|x86.Build.0 = Release|x86
		{45B560CF-76B5-4AD9-A22F-66EA6B09C5FE}.Debug|Any CPU.ActiveCfg = Debug|Any CPU
		{45B560CF-76B5-4AD9-A22F-66EA6B09C5FE}.Debug|Any CPU.Build.0 = Debug|Any CPU
		{45B560CF-76B5-4AD9-A22F-66EA6B09C5FE}.Debug|x64.ActiveCfg = Debug|x64
		{45B560CF-76B5-4AD9-A22F-66EA6B09C5FE}.Debug|x64.Build.0 = Debug|x64
		{45B560CF-76B5-4AD9-A22F-66EA6B09C5FE}.Debug|x86.ActiveCfg = Debug|x86
		{45B560CF-76B5-4AD9-A22F-66EA6B09C5FE}.Debug|x86.Build.0 = Debug|x86
		{45B560CF-76B5-4AD9-A22F-66EA6B09C5FE}.Release|Any CPU.ActiveCfg = Release|Any CPU
		{45B560CF-76B5-4AD9-A22F-66EA6B09C5FE}.Release|Any CPU.Build.0 = Release|Any CPU
		{45B560CF-76B5-4AD9-A22F-66EA6B09C5FE}.Release|x64.ActiveCfg = Release|x64
		{45B560CF-76B5-4AD9-A22F-66EA6B09C5FE}.Release|x64.Build.0 = Release|x64
		{45B560CF-76B5-4AD9-A22F-66EA6B09C5FE}.Release|x86.ActiveCfg = Release|x86
		{45B560CF-76B5-4AD9-A22F-66EA6B09C5FE}.Release|x86.Build.0 = Release|x86
		{3AE417F3-6F3A-4255-B521-5CE4E47F4F52}.Debug|Any CPU.ActiveCfg = Debug|Any CPU
		{3AE417F3-6F3A-4255-B521-5CE4E47F4F52}.Debug|Any CPU.Build.0 = Debug|Any CPU
		{3AE417F3-6F3A-4255-B521-5CE4E47F4F52}.Debug|x64.ActiveCfg = Debug|x64
		{3AE417F3-6F3A-4255-B521-5CE4E47F4F52}.Debug|x64.Build.0 = Debug|x64
		{3AE417F3-6F3A-4255-B521-5CE4E47F4F52}.Debug|x86.ActiveCfg = Debug|x86
		{3AE417F3-6F3A-4255-B521-5CE4E47F4F52}.Debug|x86.Build.0 = Debug|x86
		{3AE417F3-6F3A-4255-B521-5CE4E47F4F52}.Release|Any CPU.ActiveCfg = Release|Any CPU
		{3AE417F3-6F3A-4255-B521-5CE4E47F4F52}.Release|Any CPU.Build.0 = Release|Any CPU
		{3AE417F3-6F3A-4255-B521-5CE4E47F4F52}.Release|x64.ActiveCfg = Release|x64
		{3AE417F3-6F3A-4255-B521-5CE4E47F4F52}.Release|x64.Build.0 = Release|x64
		{3AE417F3-6F3A-4255-B521-5CE4E47F4F52}.Release|x86.ActiveCfg = Release|x86
		{3AE417F3-6F3A-4255-B521-5CE4E47F4F52}.Release|x86.Build.0 = Release|x86
		{7ADD6055-9EE2-44E5-9FEB-AA3A07EF4A8B}.Debug|Any CPU.ActiveCfg = Debug|Any CPU
		{7ADD6055-9EE2-44E5-9FEB-AA3A07EF4A8B}.Debug|Any CPU.Build.0 = Debug|Any CPU
		{7ADD6055-9EE2-44E5-9FEB-AA3A07EF4A8B}.Debug|x64.ActiveCfg = Debug|x64
		{7ADD6055-9EE2-44E5-9FEB-AA3A07EF4A8B}.Debug|x64.Build.0 = Debug|x64
		{7ADD6055-9EE2-44E5-9FEB-AA3A07EF4A8B}.Debug|x86.ActiveCfg = Debug|x86
		{7ADD6055-9EE2-44E5-9FEB-AA3A07EF4A8B}.Debug|x86.Build.0 = Debug|x86
		{7ADD6055-9EE2-44E5-9FEB-AA3A07EF4A8B}.Release|Any CPU.ActiveCfg = Release|Any CPU
		{7ADD6055-9EE2-44E5-9FEB-AA3A07EF4A8B}.Release|Any CPU.Build.0 = Release|Any CPU
		{7ADD6055-9EE2-44E5-9FEB-AA3A07EF4A8B}.Release|x64.ActiveCfg = Release|x64
		{7ADD6055-9EE2-44E5-9FEB-AA3A07EF4A8B}.Release|x64.Build.0 = Release|x64
		{7ADD6055-9EE2-44E5-9FEB-AA3A07EF4A8B}.Release|x86.ActiveCfg = Release|x86
		{7ADD6055-9EE2-44E5-9FEB-AA3A07EF4A8B}.Release|x86.Build.0 = Release|x86
		{D1C72F41-22CC-4D68-9AA6-9D852D28551F}.Debug|Any CPU.ActiveCfg = Debug|Any CPU
		{D1C72F41-22CC-4D68-9AA6-9D852D28551F}.Debug|Any CPU.Build.0 = Debug|Any CPU
		{D1C72F41-22CC-4D68-9AA6-9D852D28551F}.Debug|x64.ActiveCfg = Debug|Any CPU
		{D1C72F41-22CC-4D68-9AA6-9D852D28551F}.Debug|x64.Build.0 = Debug|Any CPU
		{D1C72F41-22CC-4D68-9AA6-9D852D28551F}.Debug|x86.ActiveCfg = Debug|Any CPU
		{D1C72F41-22CC-4D68-9AA6-9D852D28551F}.Debug|x86.Build.0 = Debug|Any CPU
		{D1C72F41-22CC-4D68-9AA6-9D852D28551F}.Release|Any CPU.ActiveCfg = Release|Any CPU
		{D1C72F41-22CC-4D68-9AA6-9D852D28551F}.Release|Any CPU.Build.0 = Release|Any CPU
		{D1C72F41-22CC-4D68-9AA6-9D852D28551F}.Release|x64.ActiveCfg = Release|Any CPU
		{D1C72F41-22CC-4D68-9AA6-9D852D28551F}.Release|x64.Build.0 = Release|Any CPU
		{D1C72F41-22CC-4D68-9AA6-9D852D28551F}.Release|x86.ActiveCfg = Release|Any CPU
		{D1C72F41-22CC-4D68-9AA6-9D852D28551F}.Release|x86.Build.0 = Release|Any CPU
		{02E04B3E-170F-471A-9674-FCBD13F824DE}.Debug|Any CPU.ActiveCfg = Debug|Any CPU
		{02E04B3E-170F-471A-9674-FCBD13F824DE}.Debug|Any CPU.Build.0 = Debug|Any CPU
		{02E04B3E-170F-471A-9674-FCBD13F824DE}.Debug|x64.ActiveCfg = Debug|Any CPU
		{02E04B3E-170F-471A-9674-FCBD13F824DE}.Debug|x64.Build.0 = Debug|Any CPU
		{02E04B3E-170F-471A-9674-FCBD13F824DE}.Debug|x86.ActiveCfg = Debug|Any CPU
		{02E04B3E-170F-471A-9674-FCBD13F824DE}.Debug|x86.Build.0 = Debug|Any CPU
		{02E04B3E-170F-471A-9674-FCBD13F824DE}.Release|Any CPU.ActiveCfg = Release|Any CPU
		{02E04B3E-170F-471A-9674-FCBD13F824DE}.Release|Any CPU.Build.0 = Release|Any CPU
		{02E04B3E-170F-471A-9674-FCBD13F824DE}.Release|x64.ActiveCfg = Release|Any CPU
		{02E04B3E-170F-471A-9674-FCBD13F824DE}.Release|x64.Build.0 = Release|Any CPU
		{02E04B3E-170F-471A-9674-FCBD13F824DE}.Release|x86.ActiveCfg = Release|Any CPU
		{02E04B3E-170F-471A-9674-FCBD13F824DE}.Release|x86.Build.0 = Release|Any CPU
	EndGlobalSection
	GlobalSection(SolutionProperties) = preSolution
		HideSolutionNode = FALSE
	EndGlobalSection
	GlobalSection(NestedProjects) = preSolution
		{15B13CE5-3B75-455F-ABDC-6387FDF8A823} = {581960B3-7392-4BB5-AD95-D106F89604A1}
		{B2A011C5-841A-4BB7-BE47-042651B02F7F} = {5FA6C5DF-7C58-4459-84B4-0317C6FEC60C}
		{EF4CE1C7-D7DC-48EE-B5C3-051078D3F28D} = {581960B3-7392-4BB5-AD95-D106F89604A1}
		{28AD150F-3644-4372-8D57-5AC92A95DAD0} = {48040D3B-35E8-45CE-A3E8-E3971F98C892}
		{D2E3C2D1-8E3A-4426-AB8E-052C6E425C53} = {581960B3-7392-4BB5-AD95-D106F89604A1}
		{A55D609A-1ABB-4CA3-84F6-6BBBC77E6572} = {581960B3-7392-4BB5-AD95-D106F89604A1}
		{86F9218F-7254-4F75-8E4D-DF3F4A265DF1} = {8B4D538F-B715-4ED4-A562-716A4AC8A631}
		{45B560CF-76B5-4AD9-A22F-66EA6B09C5FE} = {581960B3-7392-4BB5-AD95-D106F89604A1}
		{3AE417F3-6F3A-4255-B521-5CE4E47F4F52} = {581960B3-7392-4BB5-AD95-D106F89604A1}
		{7ADD6055-9EE2-44E5-9FEB-AA3A07EF4A8B} = {0AC3DDDF-D5C3-4876-A1D5-EE5C5206AC46}
		{373E3CAA-169B-477D-BA8E-6C33395CE8E8} = {5374846F-A7A5-457B-8231-FC1F959523B6}
		{D1C72F41-22CC-4D68-9AA6-9D852D28551F} = {5374846F-A7A5-457B-8231-FC1F959523B6}
		{0D853AF3-DD6E-4BA7-B4B9-7A6D26873352} = {5374846F-A7A5-457B-8231-FC1F959523B6}
		{02E04B3E-170F-471A-9674-FCBD13F824DE} = {5374846F-A7A5-457B-8231-FC1F959523B6}
	EndGlobalSection
EndGlobal
