
Microsoft Visual Studio Solution File, Format Version 12.00
# Visual Studio 15
VisualStudioVersion = 15.0.26206.0
MinimumVisualStudioVersion = 10.0.40219.1
Project("{9A19103F-16F7-4668-BE54-9A1E7A4F7556}") = "FubarDev.WebDavServer.FileSystem.DotNet", "src\FubarDev.WebDavServer.FileSystem.DotNet\FubarDev.WebDavServer.FileSystem.DotNet.csproj", "{15B13CE5-3B75-455F-ABDC-6387FDF8A823}"
EndProject
Project("{9A19103F-16F7-4668-BE54-9A1E7A4F7556}") = "FubarDev.WebDavServer.AspNetCore", "src\FubarDev.WebDavServer.AspNetCore\FubarDev.WebDavServer.AspNetCore.csproj", "{B2A011C5-841A-4BB7-BE47-042651B02F7F}"
EndProject
Project("{9A19103F-16F7-4668-BE54-9A1E7A4F7556}") = "FubarDev.WebDavServer", "src\FubarDev.WebDavServer\FubarDev.WebDavServer.csproj", "{EF4CE1C7-D7DC-48EE-B5C3-051078D3F28D}"
EndProject
Project("{9A19103F-16F7-4668-BE54-9A1E7A4F7556}") = "FubarDev.WebDavServer.Sample.AspNetCore", "sample\FubarDev.WebDavServer.Sample.AspNetCore\FubarDev.WebDavServer.Sample.AspNetCore.csproj", "{28AD150F-3644-4372-8D57-5AC92A95DAD0}"
EndProject
Project("{9A19103F-16F7-4668-BE54-9A1E7A4F7556}") = "FubarDev.WebDavServer.Props.Store.TextFile", "src\FubarDev.WebDavServer.Props.Store.TextFile\FubarDev.WebDavServer.Props.Store.TextFile.csproj", "{D2E3C2D1-8E3A-4426-AB8E-052C6E425C53}"
EndProject
Project("{FAE04EC0-301F-11D3-BF4B-00C04F79EFBC}") = "FubarDev.WebDavServer.FileSystem.InMemory", "src\FubarDev.WebDavServer.FileSystem.InMemory\FubarDev.WebDavServer.FileSystem.InMemory.csproj", "{A55D609A-1ABB-4CA3-84F6-6BBBC77E6572}"
EndProject
Project("{FAE04EC0-301F-11D3-BF4B-00C04F79EFBC}") = "FubarDev.WebDavServer.Tests", "test\FubarDev.WebDavServer.Tests\FubarDev.WebDavServer.Tests.csproj", "{86F9218F-7254-4F75-8E4D-DF3F4A265DF1}"
EndProject
Project("{FAE04EC0-301F-11D3-BF4B-00C04F79EFBC}") = "FubarDev.WebDavServer.Props.Store.InMemory", "src\FubarDev.WebDavServer.Props.Store.InMemory\FubarDev.WebDavServer.Props.Store.InMemory.csproj", "{45B560CF-76B5-4AD9-A22F-66EA6B09C5FE}"
EndProject
Project("{FAE04EC0-301F-11D3-BF4B-00C04F79EFBC}") = "FubarDev.WebDavServer.Locking.InMemory", "src\FubarDev.WebDavServer.Locking.InMemory\FubarDev.WebDavServer.Locking.InMemory.csproj", "{3AE417F3-6F3A-4255-B521-5CE4E47F4F52}"
EndProject
Project("{2150E333-8FDC-42A3-9474-1A3956D46DE8}") = "src", "src", "{581960B3-7392-4BB5-AD95-D106F89604A1}"
EndProject
Project("{2150E333-8FDC-42A3-9474-1A3956D46DE8}") = "test", "test", "{8B4D538F-B715-4ED4-A562-716A4AC8A631}"
EndProject
Project("{2150E333-8FDC-42A3-9474-1A3956D46DE8}") = "sample", "sample", "{48040D3B-35E8-45CE-A3E8-E3971F98C892}"
EndProject
Global
	GlobalSection(SolutionConfigurationPlatforms) = preSolution
		Debug|Any CPU = Debug|Any CPU
		Debug|x64 = Debug|x64
		Debug|x86 = Debug|x86
		Release|Any CPU = Release|Any CPU
		Release|x64 = Release|x64
		Release|x86 = Release|x86
	EndGlobalSection
	GlobalSection(ProjectConfigurationPlatforms) = postSolution
		{15B13CE5-3B75-455F-ABDC-6387FDF8A823}.Debug|Any CPU.ActiveCfg = Debug|Any CPU
		{15B13CE5-3B75-455F-ABDC-6387FDF8A823}.Debug|Any CPU.Build.0 = Debug|Any CPU
		{15B13CE5-3B75-455F-ABDC-6387FDF8A823}.Debug|x64.ActiveCfg = Debug|x64
		{15B13CE5-3B75-455F-ABDC-6387FDF8A823}.Debug|x64.Build.0 = Debug|x64
		{15B13CE5-3B75-455F-ABDC-6387FDF8A823}.Debug|x86.ActiveCfg = Debug|x86
		{15B13CE5-3B75-455F-ABDC-6387FDF8A823}.Debug|x86.Build.0 = Debug|x86
		{15B13CE5-3B75-455F-ABDC-6387FDF8A823}.Release|Any CPU.ActiveCfg = Release|Any CPU
		{15B13CE5-3B75-455F-ABDC-6387FDF8A823}.Release|Any CPU.Build.0 = Release|Any CPU
		{15B13CE5-3B75-455F-ABDC-6387FDF8A823}.Release|x64.ActiveCfg = Release|x64
		{15B13CE5-3B75-455F-ABDC-6387FDF8A823}.Release|x64.Build.0 = Release|x64
		{15B13CE5-3B75-455F-ABDC-6387FDF8A823}.Release|x86.ActiveCfg = Release|x86
		{15B13CE5-3B75-455F-ABDC-6387FDF8A823}.Release|x86.Build.0 = Release|x86
		{B2A011C5-841A-4BB7-BE47-042651B02F7F}.Debug|Any CPU.ActiveCfg = Debug|Any CPU
		{B2A011C5-841A-4BB7-BE47-042651B02F7F}.Debug|Any CPU.Build.0 = Debug|Any CPU
		{B2A011C5-841A-4BB7-BE47-042651B02F7F}.Debug|x64.ActiveCfg = Debug|x64
		{B2A011C5-841A-4BB7-BE47-042651B02F7F}.Debug|x64.Build.0 = Debug|x64
		{B2A011C5-841A-4BB7-BE47-042651B02F7F}.Debug|x86.ActiveCfg = Debug|x86
		{B2A011C5-841A-4BB7-BE47-042651B02F7F}.Debug|x86.Build.0 = Debug|x86
		{B2A011C5-841A-4BB7-BE47-042651B02F7F}.Release|Any CPU.ActiveCfg = Release|Any CPU
		{B2A011C5-841A-4BB7-BE47-042651B02F7F}.Release|Any CPU.Build.0 = Release|Any CPU
		{B2A011C5-841A-4BB7-BE47-042651B02F7F}.Release|x64.ActiveCfg = Release|x64
		{B2A011C5-841A-4BB7-BE47-042651B02F7F}.Release|x64.Build.0 = Release|x64
		{B2A011C5-841A-4BB7-BE47-042651B02F7F}.Release|x86.ActiveCfg = Release|x86
		{B2A011C5-841A-4BB7-BE47-042651B02F7F}.Release|x86.Build.0 = Release|x86
		{EF4CE1C7-D7DC-48EE-B5C3-051078D3F28D}.Debug|Any CPU.ActiveCfg = Debug|Any CPU
		{EF4CE1C7-D7DC-48EE-B5C3-051078D3F28D}.Debug|Any CPU.Build.0 = Debug|Any CPU
		{EF4CE1C7-D7DC-48EE-B5C3-051078D3F28D}.Debug|x64.ActiveCfg = Debug|x64
		{EF4CE1C7-D7DC-48EE-B5C3-051078D3F28D}.Debug|x64.Build.0 = Debug|x64
		{EF4CE1C7-D7DC-48EE-B5C3-051078D3F28D}.Debug|x86.ActiveCfg = Debug|x86
		{EF4CE1C7-D7DC-48EE-B5C3-051078D3F28D}.Debug|x86.Build.0 = Debug|x86
		{EF4CE1C7-D7DC-48EE-B5C3-051078D3F28D}.Release|Any CPU.ActiveCfg = Release|Any CPU
		{EF4CE1C7-D7DC-48EE-B5C3-051078D3F28D}.Release|Any CPU.Build.0 = Release|Any CPU
		{EF4CE1C7-D7DC-48EE-B5C3-051078D3F28D}.Release|x64.ActiveCfg = Release|x64
		{EF4CE1C7-D7DC-48EE-B5C3-051078D3F28D}.Release|x64.Build.0 = Release|x64
		{EF4CE1C7-D7DC-48EE-B5C3-051078D3F28D}.Release|x86.ActiveCfg = Release|x86
		{EF4CE1C7-D7DC-48EE-B5C3-051078D3F28D}.Release|x86.Build.0 = Release|x86
		{28AD150F-3644-4372-8D57-5AC92A95DAD0}.Debug|Any CPU.ActiveCfg = Debug|Any CPU
		{28AD150F-3644-4372-8D57-5AC92A95DAD0}.Debug|Any CPU.Build.0 = Debug|Any CPU
		{28AD150F-3644-4372-8D57-5AC92A95DAD0}.Debug|x64.ActiveCfg = Debug|x64
		{28AD150F-3644-4372-8D57-5AC92A95DAD0}.Debug|x64.Build.0 = Debug|x64
		{28AD150F-3644-4372-8D57-5AC92A95DAD0}.Debug|x86.ActiveCfg = Debug|x86
		{28AD150F-3644-4372-8D57-5AC92A95DAD0}.Debug|x86.Build.0 = Debug|x86
		{28AD150F-3644-4372-8D57-5AC92A95DAD0}.Release|Any CPU.ActiveCfg = Release|Any CPU
		{28AD150F-3644-4372-8D57-5AC92A95DAD0}.Release|Any CPU.Build.0 = Release|Any CPU
		{28AD150F-3644-4372-8D57-5AC92A95DAD0}.Release|x64.ActiveCfg = Release|x64
		{28AD150F-3644-4372-8D57-5AC92A95DAD0}.Release|x64.Build.0 = Release|x64
		{28AD150F-3644-4372-8D57-5AC92A95DAD0}.Release|x86.ActiveCfg = Release|x86
		{28AD150F-3644-4372-8D57-5AC92A95DAD0}.Release|x86.Build.0 = Release|x86
		{D2E3C2D1-8E3A-4426-AB8E-052C6E425C53}.Debug|Any CPU.ActiveCfg = Debug|Any CPU
		{D2E3C2D1-8E3A-4426-AB8E-052C6E425C53}.Debug|Any CPU.Build.0 = Debug|Any CPU
		{D2E3C2D1-8E3A-4426-AB8E-052C6E425C53}.Debug|x64.ActiveCfg = Debug|x64
		{D2E3C2D1-8E3A-4426-AB8E-052C6E425C53}.Debug|x64.Build.0 = Debug|x64
		{D2E3C2D1-8E3A-4426-AB8E-052C6E425C53}.Debug|x86.ActiveCfg = Debug|x86
		{D2E3C2D1-8E3A-4426-AB8E-052C6E425C53}.Debug|x86.Build.0 = Debug|x86
		{D2E3C2D1-8E3A-4426-AB8E-052C6E425C53}.Release|Any CPU.ActiveCfg = Release|Any CPU
		{D2E3C2D1-8E3A-4426-AB8E-052C6E425C53}.Release|Any CPU.Build.0 = Release|Any CPU
		{D2E3C2D1-8E3A-4426-AB8E-052C6E425C53}.Release|x64.ActiveCfg = Release|x64
		{D2E3C2D1-8E3A-4426-AB8E-052C6E425C53}.Release|x64.Build.0 = Release|x64
		{D2E3C2D1-8E3A-4426-AB8E-052C6E425C53}.Release|x86.ActiveCfg = Release|x86
		{D2E3C2D1-8E3A-4426-AB8E-052C6E425C53}.Release|x86.Build.0 = Release|x86
		{A55D609A-1ABB-4CA3-84F6-6BBBC77E6572}.Debug|Any CPU.ActiveCfg = Debug|Any CPU
		{A55D609A-1ABB-4CA3-84F6-6BBBC77E6572}.Debug|Any CPU.Build.0 = Debug|Any CPU
		{A55D609A-1ABB-4CA3-84F6-6BBBC77E6572}.Debug|x64.ActiveCfg = Debug|x64
		{A55D609A-1ABB-4CA3-84F6-6BBBC77E6572}.Debug|x64.Build.0 = Debug|x64
		{A55D609A-1ABB-4CA3-84F6-6BBBC77E6572}.Debug|x86.ActiveCfg = Debug|x86
		{A55D609A-1ABB-4CA3-84F6-6BBBC77E6572}.Debug|x86.Build.0 = Debug|x86
		{A55D609A-1ABB-4CA3-84F6-6BBBC77E6572}.Release|Any CPU.ActiveCfg = Release|Any CPU
		{A55D609A-1ABB-4CA3-84F6-6BBBC77E6572}.Release|Any CPU.Build.0 = Release|Any CPU
		{A55D609A-1ABB-4CA3-84F6-6BBBC77E6572}.Release|x64.ActiveCfg = Release|x64
		{A55D609A-1ABB-4CA3-84F6-6BBBC77E6572}.Release|x64.Build.0 = Release|x64
		{A55D609A-1ABB-4CA3-84F6-6BBBC77E6572}.Release|x86.ActiveCfg = Release|x86
		{A55D609A-1ABB-4CA3-84F6-6BBBC77E6572}.Release|x86.Build.0 = Release|x86
		{86F9218F-7254-4F75-8E4D-DF3F4A265DF1}.Debug|Any CPU.ActiveCfg = Debug|Any CPU
		{86F9218F-7254-4F75-8E4D-DF3F4A265DF1}.Debug|Any CPU.Build.0 = Debug|Any CPU
		{86F9218F-7254-4F75-8E4D-DF3F4A265DF1}.Debug|x64.ActiveCfg = Debug|x64
		{86F9218F-7254-4F75-8E4D-DF3F4A265DF1}.Debug|x64.Build.0 = Debug|x64
		{86F9218F-7254-4F75-8E4D-DF3F4A265DF1}.Debug|x86.ActiveCfg = Debug|x86
		{86F9218F-7254-4F75-8E4D-DF3F4A265DF1}.Debug|x86.Build.0 = Debug|x86
		{86F9218F-7254-4F75-8E4D-DF3F4A265DF1}.Release|Any CPU.ActiveCfg = Release|Any CPU
		{86F9218F-7254-4F75-8E4D-DF3F4A265DF1}.Release|Any CPU.Build.0 = Release|Any CPU
		{86F9218F-7254-4F75-8E4D-DF3F4A265DF1}.Release|x64.ActiveCfg = Release|x64
		{86F9218F-7254-4F75-8E4D-DF3F4A265DF1}.Release|x64.Build.0 = Release|x64
		{86F9218F-7254-4F75-8E4D-DF3F4A265DF1}.Release|x86.ActiveCfg = Release|x86
		{86F9218F-7254-4F75-8E4D-DF3F4A265DF1}.Release|x86.Build.0 = Release|x86
		{45B560CF-76B5-4AD9-A22F-66EA6B09C5FE}.Debug|Any CPU.ActiveCfg = Debug|Any CPU
		{45B560CF-76B5-4AD9-A22F-66EA6B09C5FE}.Debug|Any CPU.Build.0 = Debug|Any CPU
		{45B560CF-76B5-4AD9-A22F-66EA6B09C5FE}.Debug|x64.ActiveCfg = Debug|x64
		{45B560CF-76B5-4AD9-A22F-66EA6B09C5FE}.Debug|x64.Build.0 = Debug|x64
		{45B560CF-76B5-4AD9-A22F-66EA6B09C5FE}.Debug|x86.ActiveCfg = Debug|x86
		{45B560CF-76B5-4AD9-A22F-66EA6B09C5FE}.Debug|x86.Build.0 = Debug|x86
		{45B560CF-76B5-4AD9-A22F-66EA6B09C5FE}.Release|Any CPU.ActiveCfg = Release|Any CPU
		{45B560CF-76B5-4AD9-A22F-66EA6B09C5FE}.Release|Any CPU.Build.0 = Release|Any CPU
		{45B560CF-76B5-4AD9-A22F-66EA6B09C5FE}.Release|x64.ActiveCfg = Release|x64
		{45B560CF-76B5-4AD9-A22F-66EA6B09C5FE}.Release|x64.Build.0 = Release|x64
		{45B560CF-76B5-4AD9-A22F-66EA6B09C5FE}.Release|x86.ActiveCfg = Release|x86
		{45B560CF-76B5-4AD9-A22F-66EA6B09C5FE}.Release|x86.Build.0 = Release|x86
		{3AE417F3-6F3A-4255-B521-5CE4E47F4F52}.Debug|Any CPU.ActiveCfg = Debug|Any CPU
		{3AE417F3-6F3A-4255-B521-5CE4E47F4F52}.Debug|Any CPU.Build.0 = Debug|Any CPU
		{3AE417F3-6F3A-4255-B521-5CE4E47F4F52}.Debug|x64.ActiveCfg = Debug|x64
		{3AE417F3-6F3A-4255-B521-5CE4E47F4F52}.Debug|x64.Build.0 = Debug|x64
		{3AE417F3-6F3A-4255-B521-5CE4E47F4F52}.Debug|x86.ActiveCfg = Debug|x86
		{3AE417F3-6F3A-4255-B521-5CE4E47F4F52}.Debug|x86.Build.0 = Debug|x86
		{3AE417F3-6F3A-4255-B521-5CE4E47F4F52}.Release|Any CPU.ActiveCfg = Release|Any CPU
		{3AE417F3-6F3A-4255-B521-5CE4E47F4F52}.Release|Any CPU.Build.0 = Release|Any CPU
		{3AE417F3-6F3A-4255-B521-5CE4E47F4F52}.Release|x64.ActiveCfg = Release|x64
		{3AE417F3-6F3A-4255-B521-5CE4E47F4F52}.Release|x64.Build.0 = Release|x64
		{3AE417F3-6F3A-4255-B521-5CE4E47F4F52}.Release|x86.ActiveCfg = Release|x86
		{3AE417F3-6F3A-4255-B521-5CE4E47F4F52}.Release|x86.Build.0 = Release|x86
	EndGlobalSection
	GlobalSection(SolutionProperties) = preSolution
		HideSolutionNode = FALSE
	EndGlobalSection
	GlobalSection(NestedProjects) = preSolution
		{15B13CE5-3B75-455F-ABDC-6387FDF8A823} = {581960B3-7392-4BB5-AD95-D106F89604A1}
		{B2A011C5-841A-4BB7-BE47-042651B02F7F} = {581960B3-7392-4BB5-AD95-D106F89604A1}
		{EF4CE1C7-D7DC-48EE-B5C3-051078D3F28D} = {581960B3-7392-4BB5-AD95-D106F89604A1}
		{28AD150F-3644-4372-8D57-5AC92A95DAD0} = {48040D3B-35E8-45CE-A3E8-E3971F98C892}
		{D2E3C2D1-8E3A-4426-AB8E-052C6E425C53} = {581960B3-7392-4BB5-AD95-D106F89604A1}
		{A55D609A-1ABB-4CA3-84F6-6BBBC77E6572} = {581960B3-7392-4BB5-AD95-D106F89604A1}
		{86F9218F-7254-4F75-8E4D-DF3F4A265DF1} = {8B4D538F-B715-4ED4-A562-716A4AC8A631}
		{45B560CF-76B5-4AD9-A22F-66EA6B09C5FE} = {581960B3-7392-4BB5-AD95-D106F89604A1}
		{3AE417F3-6F3A-4255-B521-5CE4E47F4F52} = {581960B3-7392-4BB5-AD95-D106F89604A1}
	EndGlobalSection
EndGlobal
