
Microsoft Visual Studio Solution File, Format Version 12.00
# Visual Studio 15
VisualStudioVersion = 15.0.26412.1
MinimumVisualStudioVersion = 10.0.40219.1
Project("{9A19103F-16F7-4668-BE54-9A1E7A4F7556}") = "FubarDev.WebDavServer.FileSystem.DotNet", "src\FubarDev.WebDavServer.FileSystem.DotNet\FubarDev.WebDavServer.FileSystem.DotNet.csproj", "{15B13CE5-3B75-455F-ABDC-6387FDF8A823}"
EndProject
Project("{9A19103F-16F7-4668-BE54-9A1E7A4F7556}") = "FubarDev.WebDavServer.AspNetCore", "src\FubarDev.WebDavServer.AspNetCore\FubarDev.WebDavServer.AspNetCore.csproj", "{B2A011C5-841A-4BB7-BE47-042651B02F7F}"
EndProject
Project("{9A19103F-16F7-4668-BE54-9A1E7A4F7556}") = "FubarDev.WebDavServer", "src\FubarDev.WebDavServer\FubarDev.WebDavServer.csproj", "{EF4CE1C7-D7DC-48EE-B5C3-051078D3F28D}"
EndProject
Project("{9A19103F-16F7-4668-BE54-9A1E7A4F7556}") = "FubarDev.WebDavServer.Props.Store.TextFile", "src\FubarDev.WebDavServer.Props.Store.TextFile\FubarDev.WebDavServer.Props.Store.TextFile.csproj", "{D2E3C2D1-8E3A-4426-AB8E-052C6E425C53}"
EndProject
Project("{9A19103F-16F7-4668-BE54-9A1E7A4F7556}") = "FubarDev.WebDavServer.FileSystem.InMemory", "src\FubarDev.WebDavServer.FileSystem.InMemory\FubarDev.WebDavServer.FileSystem.InMemory.csproj", "{A55D609A-1ABB-4CA3-84F6-6BBBC77E6572}"
EndProject
Project("{9A19103F-16F7-4668-BE54-9A1E7A4F7556}") = "FubarDev.WebDavServer.Tests", "test\FubarDev.WebDavServer.Tests\FubarDev.WebDavServer.Tests.csproj", "{86F9218F-7254-4F75-8E4D-DF3F4A265DF1}"
EndProject
Project("{9A19103F-16F7-4668-BE54-9A1E7A4F7556}") = "FubarDev.WebDavServer.Props.Store.InMemory", "src\FubarDev.WebDavServer.Props.Store.InMemory\FubarDev.WebDavServer.Props.Store.InMemory.csproj", "{45B560CF-76B5-4AD9-A22F-66EA6B09C5FE}"
EndProject
Project("{9A19103F-16F7-4668-BE54-9A1E7A4F7556}") = "FubarDev.WebDavServer.Locking.InMemory", "src\FubarDev.WebDavServer.Locking.InMemory\FubarDev.WebDavServer.Locking.InMemory.csproj", "{3AE417F3-6F3A-4255-B521-5CE4E47F4F52}"
EndProject
Project("{2150E333-8FDC-42A3-9474-1A3956D46DE8}") = "src", "src", "{581960B3-7392-4BB5-AD95-D106F89604A1}"
EndProject
Project("{2150E333-8FDC-42A3-9474-1A3956D46DE8}") = "test", "test", "{8B4D538F-B715-4ED4-A562-716A4AC8A631}"
EndProject
Project("{2150E333-8FDC-42A3-9474-1A3956D46DE8}") = "sample", "sample", "{48040D3B-35E8-45CE-A3E8-E3971F98C892}"
EndProject
Project("{2150E333-8FDC-42A3-9474-1A3956D46DE8}") = "host", "host", "{5FA6C5DF-7C58-4459-84B4-0317C6FEC60C}"
EndProject
Project("{2150E333-8FDC-42A3-9474-1A3956D46DE8}") = "prop-store", "prop-store", "{98710C77-F70C-4987-9930-E7A574159953}"
EndProject
Project("{2150E333-8FDC-42A3-9474-1A3956D46DE8}") = "locking", "locking", "{5BF42C52-A65B-4419-A771-20ADFF257552}"
EndProject
Project("{2150E333-8FDC-42A3-9474-1A3956D46DE8}") = "filesystem", "filesystem", "{9F3C7FF6-8CE2-4AE4-A952-4CFDB5019DCD}"
EndProject
Project("{9A19103F-16F7-4668-BE54-9A1E7A4F7556}") = "FubarDev.WebDavServer.FileSystem.SQLite", "src\FubarDev.WebDavServer.FileSystem.SQLite\FubarDev.WebDavServer.FileSystem.SQLite.csproj", "{07E32B0A-445D-440A-8506-62CEFB23F135}"
EndProject
Project("{9A19103F-16F7-4668-BE54-9A1E7A4F7556}") = "FubarDev.WebDavServer.Props.Store.SQLite", "src\FubarDev.WebDavServer.Props.Store.SQLite\FubarDev.WebDavServer.Props.Store.SQLite.csproj", "{EF78B933-83EC-42D8-9AD9-CC25CB22BE1A}"
EndProject
Project("{9A19103F-16F7-4668-BE54-9A1E7A4F7556}") = "FubarDev.WebDavServer.Locking.SQLite", "src\FubarDev.WebDavServer.Locking.SQLite\FubarDev.WebDavServer.Locking.SQLite.csproj", "{6FF5A558-15E9-4626-9348-23F0B0BADFFA}"
EndProject
Project("{2150E333-8FDC-42A3-9474-1A3956D46DE8}") = "third-party", "third-party", "{E1DB9590-0D33-42F8-9F3B-EB379EC00F9D}"
EndProject
Project("{9A19103F-16F7-4668-BE54-9A1E7A4F7556}") = "idunno.Authentication", "third-party\idunno.Authentication\idunno.Authentication.csproj", "{B80FF6EE-2136-410D-B5BE-E8F2A032189E}"
EndProject
Project("{9A19103F-16F7-4668-BE54-9A1E7A4F7556}") = "FubarDev.WebDavServer.Sample.AspNetCore", "sample\FubarDev.WebDavServer.Sample.AspNetCore\FubarDev.WebDavServer.Sample.AspNetCore.csproj", "{8950120E-82E4-43DA-958B-858B88D9CA9B}"
EndProject
Project("{2150E333-8FDC-42A3-9474-1A3956D46DE8}") = "Solution Items", "Solution Items", "{7740DEB8-8645-4C76-8B8E-7D3A36A9D06A}"
	ProjectSection(SolutionItems) = preProject
		Global.props = Global.props
		PackageLibrary.props = PackageLibrary.props
		WebDavServer.ruleset = WebDavServer.ruleset
	EndProjectSection
EndProject
Project("{FAE04EC0-301F-11D3-BF4B-00C04F79EFBC}") = "FubarDev.WebDavServer.NHibernate", "src\FubarDev.WebDavServer.NHibernate\FubarDev.WebDavServer.NHibernate.csproj", "{3EE21206-9067-4F94-ABE6-0B87FCAF5420}"
EndProject
Project("{2150E333-8FDC-42A3-9474-1A3956D46DE8}") = "orm-support", "orm-support", "{16E44BF0-2741-4441-A4D6-72AF28D6A39B}"
EndProject
Global
	GlobalSection(SolutionConfigurationPlatforms) = preSolution
		Debug (Coverity)|Any CPU = Debug (Coverity)|Any CPU
		Debug|Any CPU = Debug|Any CPU
		Release|Any CPU = Release|Any CPU
	EndGlobalSection
	GlobalSection(ProjectConfigurationPlatforms) = postSolution
		{15B13CE5-3B75-455F-ABDC-6387FDF8A823}.Debug (Coverity)|Any CPU.ActiveCfg = Debug|Any CPU
		{15B13CE5-3B75-455F-ABDC-6387FDF8A823}.Debug (Coverity)|Any CPU.Build.0 = Debug|Any CPU
		{15B13CE5-3B75-455F-ABDC-6387FDF8A823}.Debug|Any CPU.ActiveCfg = Debug|Any CPU
		{15B13CE5-3B75-455F-ABDC-6387FDF8A823}.Debug|Any CPU.Build.0 = Debug|Any CPU
		{15B13CE5-3B75-455F-ABDC-6387FDF8A823}.Release|Any CPU.ActiveCfg = Release|Any CPU
		{15B13CE5-3B75-455F-ABDC-6387FDF8A823}.Release|Any CPU.Build.0 = Release|Any CPU
		{B2A011C5-841A-4BB7-BE47-042651B02F7F}.Debug (Coverity)|Any CPU.ActiveCfg = Debug|Any CPU
		{B2A011C5-841A-4BB7-BE47-042651B02F7F}.Debug (Coverity)|Any CPU.Build.0 = Debug|Any CPU
		{B2A011C5-841A-4BB7-BE47-042651B02F7F}.Debug|Any CPU.ActiveCfg = Debug|Any CPU
		{B2A011C5-841A-4BB7-BE47-042651B02F7F}.Debug|Any CPU.Build.0 = Debug|Any CPU
		{B2A011C5-841A-4BB7-BE47-042651B02F7F}.Release|Any CPU.ActiveCfg = Release|Any CPU
		{B2A011C5-841A-4BB7-BE47-042651B02F7F}.Release|Any CPU.Build.0 = Release|Any CPU
		{EF4CE1C7-D7DC-48EE-B5C3-051078D3F28D}.Debug (Coverity)|Any CPU.ActiveCfg = Debug|Any CPU
		{EF4CE1C7-D7DC-48EE-B5C3-051078D3F28D}.Debug (Coverity)|Any CPU.Build.0 = Debug|Any CPU
		{EF4CE1C7-D7DC-48EE-B5C3-051078D3F28D}.Debug|Any CPU.ActiveCfg = Debug|Any CPU
		{EF4CE1C7-D7DC-48EE-B5C3-051078D3F28D}.Debug|Any CPU.Build.0 = Debug|Any CPU
		{EF4CE1C7-D7DC-48EE-B5C3-051078D3F28D}.Release|Any CPU.ActiveCfg = Release|Any CPU
		{EF4CE1C7-D7DC-48EE-B5C3-051078D3F28D}.Release|Any CPU.Build.0 = Release|Any CPU
		{D2E3C2D1-8E3A-4426-AB8E-052C6E425C53}.Debug (Coverity)|Any CPU.ActiveCfg = Debug|Any CPU
		{D2E3C2D1-8E3A-4426-AB8E-052C6E425C53}.Debug (Coverity)|Any CPU.Build.0 = Debug|Any CPU
		{D2E3C2D1-8E3A-4426-AB8E-052C6E425C53}.Debug|Any CPU.ActiveCfg = Debug|Any CPU
		{D2E3C2D1-8E3A-4426-AB8E-052C6E425C53}.Debug|Any CPU.Build.0 = Debug|Any CPU
		{D2E3C2D1-8E3A-4426-AB8E-052C6E425C53}.Release|Any CPU.ActiveCfg = Release|Any CPU
		{D2E3C2D1-8E3A-4426-AB8E-052C6E425C53}.Release|Any CPU.Build.0 = Release|Any CPU
		{A55D609A-1ABB-4CA3-84F6-6BBBC77E6572}.Debug (Coverity)|Any CPU.ActiveCfg = Debug|Any CPU
		{A55D609A-1ABB-4CA3-84F6-6BBBC77E6572}.Debug (Coverity)|Any CPU.Build.0 = Debug|Any CPU
		{A55D609A-1ABB-4CA3-84F6-6BBBC77E6572}.Debug|Any CPU.ActiveCfg = Debug|Any CPU
		{A55D609A-1ABB-4CA3-84F6-6BBBC77E6572}.Debug|Any CPU.Build.0 = Debug|Any CPU
		{A55D609A-1ABB-4CA3-84F6-6BBBC77E6572}.Release|Any CPU.ActiveCfg = Release|Any CPU
		{A55D609A-1ABB-4CA3-84F6-6BBBC77E6572}.Release|Any CPU.Build.0 = Release|Any CPU
		{86F9218F-7254-4F75-8E4D-DF3F4A265DF1}.Debug (Coverity)|Any CPU.ActiveCfg = Debug|Any CPU
		{86F9218F-7254-4F75-8E4D-DF3F4A265DF1}.Debug|Any CPU.ActiveCfg = Debug|Any CPU
		{86F9218F-7254-4F75-8E4D-DF3F4A265DF1}.Debug|Any CPU.Build.0 = Debug|Any CPU
		{86F9218F-7254-4F75-8E4D-DF3F4A265DF1}.Release|Any CPU.ActiveCfg = Release|Any CPU
		{86F9218F-7254-4F75-8E4D-DF3F4A265DF1}.Release|Any CPU.Build.0 = Release|Any CPU
		{45B560CF-76B5-4AD9-A22F-66EA6B09C5FE}.Debug (Coverity)|Any CPU.ActiveCfg = Debug|Any CPU
		{45B560CF-76B5-4AD9-A22F-66EA6B09C5FE}.Debug (Coverity)|Any CPU.Build.0 = Debug|Any CPU
		{45B560CF-76B5-4AD9-A22F-66EA6B09C5FE}.Debug|Any CPU.ActiveCfg = Debug|Any CPU
		{45B560CF-76B5-4AD9-A22F-66EA6B09C5FE}.Debug|Any CPU.Build.0 = Debug|Any CPU
		{45B560CF-76B5-4AD9-A22F-66EA6B09C5FE}.Release|Any CPU.ActiveCfg = Release|Any CPU
		{45B560CF-76B5-4AD9-A22F-66EA6B09C5FE}.Release|Any CPU.Build.0 = Release|Any CPU
		{3AE417F3-6F3A-4255-B521-5CE4E47F4F52}.Debug (Coverity)|Any CPU.ActiveCfg = Debug|Any CPU
		{3AE417F3-6F3A-4255-B521-5CE4E47F4F52}.Debug (Coverity)|Any CPU.Build.0 = Debug|Any CPU
		{3AE417F3-6F3A-4255-B521-5CE4E47F4F52}.Debug|Any CPU.ActiveCfg = Debug|Any CPU
		{3AE417F3-6F3A-4255-B521-5CE4E47F4F52}.Debug|Any CPU.Build.0 = Debug|Any CPU
		{3AE417F3-6F3A-4255-B521-5CE4E47F4F52}.Release|Any CPU.ActiveCfg = Release|Any CPU
		{3AE417F3-6F3A-4255-B521-5CE4E47F4F52}.Release|Any CPU.Build.0 = Release|Any CPU
		{07E32B0A-445D-440A-8506-62CEFB23F135}.Debug (Coverity)|Any CPU.ActiveCfg = Debug|Any CPU
		{07E32B0A-445D-440A-8506-62CEFB23F135}.Debug (Coverity)|Any CPU.Build.0 = Debug|Any CPU
		{07E32B0A-445D-440A-8506-62CEFB23F135}.Debug|Any CPU.ActiveCfg = Debug|Any CPU
		{07E32B0A-445D-440A-8506-62CEFB23F135}.Debug|Any CPU.Build.0 = Debug|Any CPU
		{07E32B0A-445D-440A-8506-62CEFB23F135}.Release|Any CPU.ActiveCfg = Release|Any CPU
		{07E32B0A-445D-440A-8506-62CEFB23F135}.Release|Any CPU.Build.0 = Release|Any CPU
		{EF78B933-83EC-42D8-9AD9-CC25CB22BE1A}.Debug (Coverity)|Any CPU.ActiveCfg = Debug|Any CPU
		{EF78B933-83EC-42D8-9AD9-CC25CB22BE1A}.Debug (Coverity)|Any CPU.Build.0 = Debug|Any CPU
		{EF78B933-83EC-42D8-9AD9-CC25CB22BE1A}.Debug|Any CPU.ActiveCfg = Debug|Any CPU
		{EF78B933-83EC-42D8-9AD9-CC25CB22BE1A}.Debug|Any CPU.Build.0 = Debug|Any CPU
		{EF78B933-83EC-42D8-9AD9-CC25CB22BE1A}.Release|Any CPU.ActiveCfg = Release|Any CPU
		{EF78B933-83EC-42D8-9AD9-CC25CB22BE1A}.Release|Any CPU.Build.0 = Release|Any CPU
		{6FF5A558-15E9-4626-9348-23F0B0BADFFA}.Debug (Coverity)|Any CPU.ActiveCfg = Debug|Any CPU
		{6FF5A558-15E9-4626-9348-23F0B0BADFFA}.Debug (Coverity)|Any CPU.Build.0 = Debug|Any CPU
		{6FF5A558-15E9-4626-9348-23F0B0BADFFA}.Debug|Any CPU.ActiveCfg = Debug|Any CPU
		{6FF5A558-15E9-4626-9348-23F0B0BADFFA}.Debug|Any CPU.Build.0 = Debug|Any CPU
		{6FF5A558-15E9-4626-9348-23F0B0BADFFA}.Release|Any CPU.ActiveCfg = Release|Any CPU
		{6FF5A558-15E9-4626-9348-23F0B0BADFFA}.Release|Any CPU.Build.0 = Release|Any CPU
		{B80FF6EE-2136-410D-B5BE-E8F2A032189E}.Debug (Coverity)|Any CPU.ActiveCfg = Debug|Any CPU
		{B80FF6EE-2136-410D-B5BE-E8F2A032189E}.Debug (Coverity)|Any CPU.Build.0 = Debug|Any CPU
		{B80FF6EE-2136-410D-B5BE-E8F2A032189E}.Debug|Any CPU.ActiveCfg = Debug|Any CPU
		{B80FF6EE-2136-410D-B5BE-E8F2A032189E}.Debug|Any CPU.Build.0 = Debug|Any CPU
		{B80FF6EE-2136-410D-B5BE-E8F2A032189E}.Release|Any CPU.ActiveCfg = Release|Any CPU
		{B80FF6EE-2136-410D-B5BE-E8F2A032189E}.Release|Any CPU.Build.0 = Release|Any CPU
		{8950120E-82E4-43DA-958B-858B88D9CA9B}.Debug (Coverity)|Any CPU.ActiveCfg = Debug|Any CPU
		{8950120E-82E4-43DA-958B-858B88D9CA9B}.Debug (Coverity)|Any CPU.Build.0 = Debug|Any CPU
		{8950120E-82E4-43DA-958B-858B88D9CA9B}.Debug|Any CPU.ActiveCfg = Debug|Any CPU
		{8950120E-82E4-43DA-958B-858B88D9CA9B}.Debug|Any CPU.Build.0 = Debug|Any CPU
		{8950120E-82E4-43DA-958B-858B88D9CA9B}.Release|Any CPU.ActiveCfg = Release|Any CPU
		{8950120E-82E4-43DA-958B-858B88D9CA9B}.Release|Any CPU.Build.0 = Release|Any CPU
		{3EE21206-9067-4F94-ABE6-0B87FCAF5420}.Debug (Coverity)|Any CPU.ActiveCfg = Debug|Any CPU
		{3EE21206-9067-4F94-ABE6-0B87FCAF5420}.Debug (Coverity)|Any CPU.Build.0 = Debug|Any CPU
		{3EE21206-9067-4F94-ABE6-0B87FCAF5420}.Debug|Any CPU.ActiveCfg = Debug|Any CPU
		{3EE21206-9067-4F94-ABE6-0B87FCAF5420}.Debug|Any CPU.Build.0 = Debug|Any CPU
		{3EE21206-9067-4F94-ABE6-0B87FCAF5420}.Release|Any CPU.ActiveCfg = Release|Any CPU
		{3EE21206-9067-4F94-ABE6-0B87FCAF5420}.Release|Any CPU.Build.0 = Release|Any CPU
	EndGlobalSection
	GlobalSection(SolutionProperties) = preSolution
		HideSolutionNode = FALSE
	EndGlobalSection
	GlobalSection(NestedProjects) = preSolution
		{15B13CE5-3B75-455F-ABDC-6387FDF8A823} = {9F3C7FF6-8CE2-4AE4-A952-4CFDB5019DCD}
		{B2A011C5-841A-4BB7-BE47-042651B02F7F} = {5FA6C5DF-7C58-4459-84B4-0317C6FEC60C}
		{EF4CE1C7-D7DC-48EE-B5C3-051078D3F28D} = {581960B3-7392-4BB5-AD95-D106F89604A1}
		{D2E3C2D1-8E3A-4426-AB8E-052C6E425C53} = {98710C77-F70C-4987-9930-E7A574159953}
		{A55D609A-1ABB-4CA3-84F6-6BBBC77E6572} = {9F3C7FF6-8CE2-4AE4-A952-4CFDB5019DCD}
		{86F9218F-7254-4F75-8E4D-DF3F4A265DF1} = {8B4D538F-B715-4ED4-A562-716A4AC8A631}
		{45B560CF-76B5-4AD9-A22F-66EA6B09C5FE} = {98710C77-F70C-4987-9930-E7A574159953}
		{3AE417F3-6F3A-4255-B521-5CE4E47F4F52} = {5BF42C52-A65B-4419-A771-20ADFF257552}
		{98710C77-F70C-4987-9930-E7A574159953} = {581960B3-7392-4BB5-AD95-D106F89604A1}
		{5BF42C52-A65B-4419-A771-20ADFF257552} = {581960B3-7392-4BB5-AD95-D106F89604A1}
		{9F3C7FF6-8CE2-4AE4-A952-4CFDB5019DCD} = {581960B3-7392-4BB5-AD95-D106F89604A1}
		{07E32B0A-445D-440A-8506-62CEFB23F135} = {9F3C7FF6-8CE2-4AE4-A952-4CFDB5019DCD}
		{EF78B933-83EC-42D8-9AD9-CC25CB22BE1A} = {98710C77-F70C-4987-9930-E7A574159953}
		{6FF5A558-15E9-4626-9348-23F0B0BADFFA} = {5BF42C52-A65B-4419-A771-20ADFF257552}
		{B80FF6EE-2136-410D-B5BE-E8F2A032189E} = {E1DB9590-0D33-42F8-9F3B-EB379EC00F9D}
		{8950120E-82E4-43DA-958B-858B88D9CA9B} = {48040D3B-35E8-45CE-A3E8-E3971F98C892}
		{16E44BF0-2741-4441-A4D6-72AF28D6A39B} = {581960B3-7392-4BB5-AD95-D106F89604A1}
		{3EE21206-9067-4F94-ABE6-0B87FCAF5420} = {16E44BF0-2741-4441-A4D6-72AF28D6A39B}
	EndGlobalSection
	GlobalSection(ExtensibilityGlobals) = postSolution
		SolutionGuid = {E470F174-9A96-43E0-9676-5CEDE1E7B89A}
	EndGlobalSection
EndGlobal
